
Microsoft Visual Studio Solution File, Format Version 12.00
# Visual Studio Version 17
VisualStudioVersion = 17.4.33110.190
MinimumVisualStudioVersion = 10.0.40219.1
Project("{FAE04EC0-301F-11D3-BF4B-00C04F79EFBC}") = "PasswordUpperCase", "PasswordUpperCase.csproj", "{8AB78FA0-D74D-4CF1-A767-8F7F0402CC3A}"
EndProject
Global
	GlobalSection(SolutionConfigurationPlatforms) = preSolution
		Debug|Any CPU = Debug|Any CPU
		Release|Any CPU = Release|Any CPU
	EndGlobalSection
	GlobalSection(ProjectConfigurationPlatforms) = postSolution
		{8AB78FA0-D74D-4CF1-A767-8F7F0402CC3A}.Debug|Any CPU.ActiveCfg = Debug|Any CPU
		{8AB78FA0-D74D-4CF1-A767-8F7F0402CC3A}.Debug|Any CPU.Build.0 = Debug|Any CPU
		{8AB78FA0-D74D-4CF1-A767-8F7F0402CC3A}.Release|Any CPU.ActiveCfg = Release|Any CPU
		{8AB78FA0-D74D-4CF1-A767-8F7F0402CC3A}.Release|Any CPU.Build.0 = Release|Any CPU
	EndGlobalSection
	GlobalSection(SolutionProperties) = preSolution
		HideSolutionNode = FALSE
	EndGlobalSection
	GlobalSection(ExtensibilityGlobals) = postSolution
		SolutionGuid = {6167F448-4DD5-4840-B514-6D9C6813EA1E}
	EndGlobalSection
EndGlobal
